
Microsoft Visual Studio Solution File, Format Version 12.00
# Visual Studio Version 17
VisualStudioVersion = 17.14.36811.4 d17.14
MinimumVisualStudioVersion = 10.0.40219.1
Project("{FAE04EC0-301F-11D3-BF4B-00C04F79EFBC}") = "LoanRequestAPI", "LoanRequestAPI\LoanRequestAPI.csproj", "{918433B9-DE05-4B53-B8E2-264F6EE3C65D}"
EndProject
Project("{FAE04EC0-301F-11D3-BF4B-00C04F79EFBC}") = "LoanRequestApplication", "LoanRequestApplication\LoanRequestApplication.csproj", "{79AEA7E7-B7E2-453B-B324-41EF77CE3FE5}"
EndProject
Project("{FAE04EC0-301F-11D3-BF4B-00C04F79EFBC}") = "LoanRequestInfrastructure", "LoanRequestInfrastructure\LoanRequestInfrastructure.csproj", "{D3D40724-27CE-4F28-81D3-25D7478F5218}"
EndProject
Project("{FAE04EC0-301F-11D3-BF4B-00C04F79EFBC}") = "LoanRequestDomain", "LoanRequestDomain\LoanRequestDomain.csproj", "{369D9D3C-F758-44CF-846D-ADA27058CB6E}"
EndProject
Global
	GlobalSection(SolutionConfigurationPlatforms) = preSolution
		Debug|Any CPU = Debug|Any CPU
		Release|Any CPU = Release|Any CPU
	EndGlobalSection
	GlobalSection(ProjectConfigurationPlatforms) = postSolution
		{918433B9-DE05-4B53-B8E2-264F6EE3C65D}.Debug|Any CPU.ActiveCfg = Debug|Any CPU
		{918433B9-DE05-4B53-B8E2-264F6EE3C65D}.Debug|Any CPU.Build.0 = Debug|Any CPU
		{918433B9-DE05-4B53-B8E2-264F6EE3C65D}.Release|Any CPU.ActiveCfg = Release|Any CPU
		{918433B9-DE05-4B53-B8E2-264F6EE3C65D}.Release|Any CPU.Build.0 = Release|Any CPU
		{79AEA7E7-B7E2-453B-B324-41EF77CE3FE5}.Debug|Any CPU.ActiveCfg = Debug|Any CPU
		{79AEA7E7-B7E2-453B-B324-41EF77CE3FE5}.Debug|Any CPU.Build.0 = Debug|Any CPU
		{79AEA7E7-B7E2-453B-B324-41EF77CE3FE5}.Release|Any CPU.ActiveCfg = Release|Any CPU
		{79AEA7E7-B7E2-453B-B324-41EF77CE3FE5}.Release|Any CPU.Build.0 = Release|Any CPU
		{D3D40724-27CE-4F28-81D3-25D7478F5218}.Debug|Any CPU.ActiveCfg = Debug|Any CPU
		{D3D40724-27CE-4F28-81D3-25D7478F5218}.Debug|Any CPU.Build.0 = Debug|Any CPU
		{D3D40724-27CE-4F28-81D3-25D7478F5218}.Release|Any CPU.ActiveCfg = Release|Any CPU
		{D3D40724-27CE-4F28-81D3-25D7478F5218}.Release|Any CPU.Build.0 = Release|Any CPU
		{369D9D3C-F758-44CF-846D-ADA27058CB6E}.Debug|Any CPU.ActiveCfg = Debug|Any CPU
		{369D9D3C-F758-44CF-846D-ADA27058CB6E}.Debug|Any CPU.Build.0 = Debug|Any CPU
		{369D9D3C-F758-44CF-846D-ADA27058CB6E}.Release|Any CPU.ActiveCfg = Release|Any CPU
		{369D9D3C-F758-44CF-846D-ADA27058CB6E}.Release|Any CPU.Build.0 = Release|Any CPU
	EndGlobalSection
	GlobalSection(SolutionProperties) = preSolution
		HideSolutionNode = FALSE
	EndGlobalSection
	GlobalSection(ExtensibilityGlobals) = postSolution
		SolutionGuid = {08A37D5E-A152-4401-B934-1BC383E25181}
	EndGlobalSection
EndGlobal
